
Microsoft Visual Studio Solution File, Format Version 12.00
# Visual Studio Version 16
VisualStudioVersion = 16.0.30204.135
MinimumVisualStudioVersion = 10.0.40219.1
Project("{FAE04EC0-301F-11D3-BF4B-00C04F79EFBC}") = "LinearSearchSortedArray", "LinearSearchSortedArray\LinearSearchSortedArray.csproj", "{EA499F20-05F6-4E65-9708-82D77A9A7EA9}"
EndProject
Global
	GlobalSection(SolutionConfigurationPlatforms) = preSolution
		Debug|Any CPU = Debug|Any CPU
		Release|Any CPU = Release|Any CPU
	EndGlobalSection
	GlobalSection(ProjectConfigurationPlatforms) = postSolution
		{EA499F20-05F6-4E65-9708-82D77A9A7EA9}.Debug|Any CPU.ActiveCfg = Debug|Any CPU
		{EA499F20-05F6-4E65-9708-82D77A9A7EA9}.Debug|Any CPU.Build.0 = Debug|Any CPU
		{EA499F20-05F6-4E65-9708-82D77A9A7EA9}.Release|Any CPU.ActiveCfg = Release|Any CPU
		{EA499F20-05F6-4E65-9708-82D77A9A7EA9}.Release|Any CPU.Build.0 = Release|Any CPU
	EndGlobalSection
	GlobalSection(SolutionProperties) = preSolution
		HideSolutionNode = FALSE
	EndGlobalSection
	GlobalSection(ExtensibilityGlobals) = postSolution
		SolutionGuid = {3903F43C-A389-45AA-B76F-31999CFB13E9}
	EndGlobalSection
EndGlobal
